
Microsoft Visual Studio Solution File, Format Version 12.00
# Visual Studio Version 16
VisualStudioVersion = 16.0.30011.22
MinimumVisualStudioVersion = 10.0.40219.1
Project("{FAE04EC0-301F-11D3-BF4B-00C04F79EFBC}") = "Archimedes.Ui", "Archimedes.Ui\Archimedes.Ui.csproj", "{1C20B0C6-F7A2-4834-AEC3-B9D3F58FE2DD}"
EndProject
Global
	GlobalSection(SolutionConfigurationPlatforms) = preSolution
		Debug|Any CPU = Debug|Any CPU
		Release|Any CPU = Release|Any CPU
	EndGlobalSection
	GlobalSection(ProjectConfigurationPlatforms) = postSolution
		{1C20B0C6-F7A2-4834-AEC3-B9D3F58FE2DD}.Debug|Any CPU.ActiveCfg = Debug|Any CPU
		{1C20B0C6-F7A2-4834-AEC3-B9D3F58FE2DD}.Debug|Any CPU.Build.0 = Debug|Any CPU
		{1C20B0C6-F7A2-4834-AEC3-B9D3F58FE2DD}.Release|Any CPU.ActiveCfg = Release|Any CPU
		{1C20B0C6-F7A2-4834-AEC3-B9D3F58FE2DD}.Release|Any CPU.Build.0 = Release|Any CPU
	EndGlobalSection
	GlobalSection(SolutionProperties) = preSolution
		HideSolutionNode = FALSE
	EndGlobalSection
	GlobalSection(ExtensibilityGlobals) = postSolution
		SolutionGuid = {8B1E4A09-0E2A-452F-BA70-44D6CD0D81A6}
	EndGlobalSection
EndGlobal
